
Microsoft Visual Studio Solution File, Format Version 12.00
# Visual Studio Version 17
VisualStudioVersion = 17.14.35906.104 d17.14
MinimumVisualStudioVersion = 10.0.40219.1
Project("{FAE04EC0-301F-11D3-BF4B-00C04F79EFBC}") = "Kursregristrering", "Kursregristrering\Kursregristrering.csproj", "{A3022412-49E9-4112-BC8E-63F4E47788A8}"
EndProject
Global
	GlobalSection(SolutionConfigurationPlatforms) = preSolution
		Debug|Any CPU = Debug|Any CPU
		Release|Any CPU = Release|Any CPU
	EndGlobalSection
	GlobalSection(ProjectConfigurationPlatforms) = postSolution
		{A3022412-49E9-4112-BC8E-63F4E47788A8}.Debug|Any CPU.ActiveCfg = Debug|Any CPU
		{A3022412-49E9-4112-BC8E-63F4E47788A8}.Debug|Any CPU.Build.0 = Debug|Any CPU
		{A3022412-49E9-4112-BC8E-63F4E47788A8}.Release|Any CPU.ActiveCfg = Release|Any CPU
		{A3022412-49E9-4112-BC8E-63F4E47788A8}.Release|Any CPU.Build.0 = Release|Any CPU
	EndGlobalSection
	GlobalSection(SolutionProperties) = preSolution
		HideSolutionNode = FALSE
	EndGlobalSection
	GlobalSection(ExtensibilityGlobals) = postSolution
		SolutionGuid = {0DAEDFE5-7B2A-4EB3-B0C4-CD558359CC71}
	EndGlobalSection
EndGlobal
